<?xml version="1.0" encoding="utf-8"?>
<Project ToolsVersion="4.0" xmlns="http://schemas.microsoft.com/developer/msbuild/2003">
  <ItemGroup>
    <Filter Include="리소스 파일">
      <UniqueIdentifier>{67DA6AB6-F800-4c08-8B7A-83BB121AAD01}</UniqueIdentifier>
      <Extensions>rc;ico;cur;bmp;dlg;rc2;rct;bin;rgs;gif;jpg;jpeg;jpe;resx;tiff;tif;png;wav;mfcribbon-ms</Extensions>
    </Filter>
    <Filter Include="Manager">
      <UniqueIdentifier>{0868a581-b2f7-4757-9b65-8fd7f43a8b8d}</UniqueIdentifier>
    </Filter>
    <Filter Include="Object">
      <UniqueIdentifier>{9f348c63-2d0b-4909-acb7-7640139d3da9}</UniqueIdentifier>
    </Filter>
    <Filter Include="Manager\Image">
      <UniqueIdentifier>{ccb6012f-b518-4bf3-91d1-2503932f2d90}</UniqueIdentifier>
    </Filter>
    <Filter Include="Manager\Scene">
      <UniqueIdentifier>{920edd5c-09d3-4101-877b-f8be2fa8d756}</UniqueIdentifier>
    </Filter>
    <Filter Include="Manager\Input">
      <UniqueIdentifier>{c1a348e9-9cf3-494b-80a4-92b6a83e1ae6}</UniqueIdentifier>
    </Filter>
    <Filter Include="Maingame">
      <UniqueIdentifier>{bf0909bd-9bcc-4553-83f9-1dfab9b17761}</UniqueIdentifier>
    </Filter>
    <Filter Include="Manager\Image\Texture">
      <UniqueIdentifier>{4cec48bb-cacc-4c74-b7d3-d51a3b96b5d5}</UniqueIdentifier>
    </Filter>
    <Filter Include="Scene">
      <UniqueIdentifier>{4437317b-5920-4c54-889f-e4128a892926}</UniqueIdentifier>
    </Filter>
    <Filter Include="Scene\Ingame">
      <UniqueIdentifier>{98e744b6-1ee1-4667-9dc8-07aa68d4a3d7}</UniqueIdentifier>
    </Filter>
    <Filter Include="Scene\Load">
      <UniqueIdentifier>{d12659d0-b27f-44b2-8349-d2a9957f2ba6}</UniqueIdentifier>
    </Filter>
    <Filter Include="Scene\Picture">
      <UniqueIdentifier>{8cdb5bdf-2b25-4b95-aeb5-25180093a3fe}</UniqueIdentifier>
    </Filter>
    <Filter Include="Object\Button">
      <UniqueIdentifier>{41196bf2-4c1e-450a-a321-87bbb5709e09}</UniqueIdentifier>
    </Filter>
  </ItemGroup>
  <ItemGroup>
    <ClInclude Include="singleton.h">
      <Filter>Manager</Filter>
    </ClInclude>
    <ClInclude Include="cInputManager.h">
      <Filter>Manager\Input</Filter>
    </ClInclude>
    <ClInclude Include="cScene.h">
      <Filter>Manager\Scene</Filter>
    </ClInclude>
    <ClInclude Include="cSceneManager.h">
      <Filter>Manager\Scene</Filter>
    </ClInclude>
    <ClInclude Include="targetver.h" />
    <ClInclude Include="FrameWork.h" />
    <ClInclude Include="stdafx.h" />
    <ClInclude Include="Resource.h">
      <Filter>리소스 파일</Filter>
    </ClInclude>
    <ClInclude Include="cMainGame.h">
      <Filter>Maingame</Filter>
    </ClInclude>
    <ClInclude Include="cImageManager.h">
      <Filter>Manager\Image</Filter>
    </ClInclude>
    <ClInclude Include="cTexture.h">
      <Filter>Manager\Image\Texture</Filter>
    </ClInclude>
    <ClInclude Include="cMultiTexture.h">
      <Filter>Manager\Image\Texture</Filter>
    </ClInclude>
    <ClInclude Include="cSingleTexture.h">
      <Filter>Manager\Image\Texture</Filter>
    </ClInclude>
    <ClInclude Include="cIngameScene.h">
      <Filter>Scene\Ingame</Filter>
    </ClInclude>
    <ClInclude Include="cLoadScene.h">
      <Filter>Scene\Load</Filter>
    </ClInclude>
    <ClInclude Include="PictureScene.h">
      <Filter>Scene\Picture</Filter>
    </ClInclude>
    <ClInclude Include="cButton.h">
      <Filter>Object\Button</Filter>
    </ClInclude>
    <ClInclude Include="cIngame_start.h">
      <Filter>Scene\Ingame</Filter>
    </ClInclude>
    <ClInclude Include="cIngame_Info.h">
      <Filter>Scene\Ingame</Filter>
    </ClInclude>
  </ItemGroup>
  <ItemGroup>
    <ClCompile Include="cInputManager.cpp">
      <Filter>Manager\Input</Filter>
    </ClCompile>
    <ClCompile Include="cScene.cpp">
      <Filter>Manager\Scene</Filter>
    </ClCompile>
    <ClCompile Include="cSceneManager.cpp">
      <Filter>Manager\Scene</Filter>
    </ClCompile>
    <ClCompile Include="FrameWork.cpp" />
    <ClCompile Include="stdafx.cpp" />
    <ClCompile Include="cMainGame.cpp">
      <Filter>Maingame</Filter>
    </ClCompile>
    <ClCompile Include="cSingleTexture.cpp">
      <Filter>Manager\Image\Texture</Filter>
    </ClCompile>
    <ClCompile Include="cTexture.cpp">
      <Filter>Manager\Image\Texture</Filter>
    </ClCompile>
    <ClCompile Include="cMultiTexture.cpp">
      <Filter>Manager\Image\Texture</Filter>
    </ClCompile>
    <ClCompile Include="cIngameScene.cpp">
      <Filter>Scene\Ingame</Filter>
    </ClCompile>
    <ClCompile Include="cLoadScene.cpp">
      <Filter>Scene\Load</Filter>
    </ClCompile>
    <ClCompile Include="cImageManager.cpp">
      <Filter>Manager\Image</Filter>
    </ClCompile>
    <ClCompile Include="PictureScene.cpp">
      <Filter>Scene\Picture</Filter>
    </ClCompile>
    <ClCompile Include="cButton.cpp">
      <Filter>Object\Button</Filter>
    </ClCompile>
    <ClCompile Include="cIngame_start.cpp">
      <Filter>Scene\Ingame</Filter>
    </ClCompile>
    <ClCompile Include="cIngame_Info.cpp">
      <Filter>Scene\Ingame</Filter>
    </ClCompile>
  </ItemGroup>
  <ItemGroup>
    <ResourceCompile Include="FrameWork.rc">
      <Filter>리소스 파일</Filter>
    </ResourceCompile>
  </ItemGroup>
  <ItemGroup>
    <Image Include="small.ico">
      <Filter>리소스 파일</Filter>
    </Image>
    <Image Include="FrameWork.ico">
      <Filter>리소스 파일</Filter>
    </Image>
  </ItemGroup>
</Project>